{
  "name": "mockServer",
  "version": "0.0.1",
  "lockfileVersion": 1,
  "dependencies": {
    "commander": {
      "version": "2.11.0",
      "resolved": "http://registry.npm.taobao.org/commander/download/commander-2.11.0.tgz",
      "integrity": "sha1-FXFS/R56bI2YpbcVzzdt+SgARWM=",
      "dev": true
    },
    "ejs": {
      "version": "2.5.7",
      "resolved": "http://registry.npm.taobao.org/ejs/download/ejs-2.5.7.tgz",
      "integrity": "sha1-zIcsFoiArjxxiXYv1f/ACJbJUYo=",
      "dev": true
    },
    "ejs-mate": {
      "version": "2.3.0",
      "resolved": "http://registry.npm.taobao.org/ejs-mate/download/ejs-mate-2.3.0.tgz",
      "integrity": "sha1-G4uP6nNQ2Ugunku+YlxKl/2Nm88=",
      "dev": true,
      "dependencies": {
        "ejs": {
          "version": "1.0.0",
          "resolved": "http://registry.npm.taobao.org/ejs/download/ejs-1.0.0.tgz",
          "integrity": "sha1-ycYKSKRu5FL7MqccMXuV5aofyz0=",
          "dev": true
        }
      }
    },
    "mockjs": {
      "version": "1.0.1-beta3",
      "resolved": "http://registry.npm.taobao.org/mockjs/download/mockjs-1.0.1-beta3.tgz",
      "integrity": "sha1-0jTzwnJWOXVk8slVFC6JGQlTcgk=",
      "dev": true
    },
    "moment": {
      "version": "2.19.1",
      "resolved": "http://registry.npm.taobao.org/moment/download/moment-2.19.1.tgz",
      "integrity": "sha1-VtoaLRy/AdOLfhr8McELz6GSkWc=",
      "dev": true
    }
  }
}
